
Microsoft Visual Studio Solution File, Format Version 12.00
# Visual Studio Version 16
VisualStudioVersion = 16.0.31727.386
MinimumVisualStudioVersion = 10.0.40219.1
Project("{FAE04EC0-301F-11D3-BF4B-00C04F79EFBC}") = "Pop_Flavius_Lab8", "Pop_Flavius_Lab8.csproj", "{4F5A16EB-BD00-427E-9AD6-3DC2025B194F}"
EndProject
Global
	GlobalSection(SolutionConfigurationPlatforms) = preSolution
		Debug|Any CPU = Debug|Any CPU
		Release|Any CPU = Release|Any CPU
	EndGlobalSection
	GlobalSection(ProjectConfigurationPlatforms) = postSolution
		{4F5A16EB-BD00-427E-9AD6-3DC2025B194F}.Debug|Any CPU.ActiveCfg = Debug|Any CPU
		{4F5A16EB-BD00-427E-9AD6-3DC2025B194F}.Debug|Any CPU.Build.0 = Debug|Any CPU
		{4F5A16EB-BD00-427E-9AD6-3DC2025B194F}.Release|Any CPU.ActiveCfg = Release|Any CPU
		{4F5A16EB-BD00-427E-9AD6-3DC2025B194F}.Release|Any CPU.Build.0 = Release|Any CPU
	EndGlobalSection
	GlobalSection(SolutionProperties) = preSolution
		HideSolutionNode = FALSE
	EndGlobalSection
	GlobalSection(ExtensibilityGlobals) = postSolution
		SolutionGuid = {0047C2C8-621A-4C93-8E87-FD808935B584}
	EndGlobalSection
EndGlobal
